// !$*UTF8*$!
{
	archiveVersion = 1;
	classes = {
	};
	objectVersion = 55;
	objects = {

/* Begin PBXBuildFile section */
		142BF3AF26FE3AC900864FC4 /* ImageGridView.swift in Sources */ = {isa = PBXBuildFile; fileRef = 142BF3AE26FE3AC900864FC4 /* ImageGridView.swift */; };
		14535DF726FC69FF0068021F /* PostModel.swift in Sources */ = {isa = PBXBuildFile; fileRef = 14535DF626FC69FF0068021F /* PostModel.swift */; };
		14535DF926FC6D220068021F /* PostArrayObject.swift in Sources */ = {isa = PBXBuildFile; fileRef = 14535DF826FC6D220068021F /* PostArrayObject.swift */; };
		14535DFB26FC8F140068021F /* CommentsView.swift in Sources */ = {isa = PBXBuildFile; fileRef = 14535DFA26FC8F140068021F /* CommentsView.swift */; };
		145429BF27004469005CD1B3 /* UploadView.swift in Sources */ = {isa = PBXBuildFile; fileRef = 145429BE27004469005CD1B3 /* UploadView.swift */; };
		147443A726FC33180099D015 /* DogGramApp.swift in Sources */ = {isa = PBXBuildFile; fileRef = 147443A626FC33180099D015 /* DogGramApp.swift */; };
		147443A926FC33180099D015 /* ContentView.swift in Sources */ = {isa = PBXBuildFile; fileRef = 147443A826FC33180099D015 /* ContentView.swift */; };
		147443AB26FC33180099D015 /* Assets.xcassets in Resources */ = {isa = PBXBuildFile; fileRef = 147443AA26FC33180099D015 /* Assets.xcassets */; };
		147443AE26FC33180099D015 /* Preview Assets.xcassets in Resources */ = {isa = PBXBuildFile; fileRef = 147443AD26FC33180099D015 /* Preview Assets.xcassets */; };
		147443B526FC3FBC0099D015 /* LaunchScreen.storyboard in Resources */ = {isa = PBXBuildFile; fileRef = 147443B426FC3FBC0099D015 /* LaunchScreen.storyboard */; };
		147443BB26FC45BD0099D015 /* Extensions.swift in Sources */ = {isa = PBXBuildFile; fileRef = 147443BA26FC45BD0099D015 /* Extensions.swift */; };
		147443BE26FC47020099D015 /* FeedView.swift in Sources */ = {isa = PBXBuildFile; fileRef = 147443BD26FC47020099D015 /* FeedView.swift */; };
		147443C026FC47D40099D015 /* PostView.swift in Sources */ = {isa = PBXBuildFile; fileRef = 147443BF26FC47D40099D015 /* PostView.swift */; };
		14DE6A5526FD9A9B0087C7D9 /* MessageView.swift in Sources */ = {isa = PBXBuildFile; fileRef = 14DE6A5426FD9A9B0087C7D9 /* MessageView.swift */; };
		14DE6A5726FD9F8D0087C7D9 /* CommentModel.swift in Sources */ = {isa = PBXBuildFile; fileRef = 14DE6A5626FD9F8D0087C7D9 /* CommentModel.swift */; };
		14DE6A5926FDB9CC0087C7D9 /* BrowseView.swift in Sources */ = {isa = PBXBuildFile; fileRef = 14DE6A5826FDB9CC0087C7D9 /* BrowseView.swift */; };
		14DE6A5B26FDBA4D0087C7D9 /* CarouselView.swift in Sources */ = {isa = PBXBuildFile; fileRef = 14DE6A5A26FDBA4D0087C7D9 /* CarouselView.swift */; };
/* End PBXBuildFile section */

/* Begin PBXFileReference section */
		142BF3AE26FE3AC900864FC4 /* ImageGridView.swift */ = {isa = PBXFileReference; lastKnownFileType = sourcecode.swift; path = ImageGridView.swift; sourceTree = "<group>"; };
		14535DF626FC69FF0068021F /* PostModel.swift */ = {isa = PBXFileReference; lastKnownFileType = sourcecode.swift; path = PostModel.swift; sourceTree = "<group>"; };
		14535DF826FC6D220068021F /* PostArrayObject.swift */ = {isa = PBXFileReference; lastKnownFileType = sourcecode.swift; path = PostArrayObject.swift; sourceTree = "<group>"; };
		14535DFA26FC8F140068021F /* CommentsView.swift */ = {isa = PBXFileReference; lastKnownFileType = sourcecode.swift; path = CommentsView.swift; sourceTree = "<group>"; };
		145429BE27004469005CD1B3 /* UploadView.swift */ = {isa = PBXFileReference; lastKnownFileType = sourcecode.swift; path = UploadView.swift; sourceTree = "<group>"; };
		147443A326FC33180099D015 /* DogGram.app */ = {isa = PBXFileReference; explicitFileType = wrapper.application; includeInIndex = 0; path = DogGram.app; sourceTree = BUILT_PRODUCTS_DIR; };
		147443A626FC33180099D015 /* DogGramApp.swift */ = {isa = PBXFileReference; lastKnownFileType = sourcecode.swift; path = DogGramApp.swift; sourceTree = "<group>"; };
		147443A826FC33180099D015 /* ContentView.swift */ = {isa = PBXFileReference; lastKnownFileType = sourcecode.swift; path = ContentView.swift; sourceTree = "<group>"; };
		147443AA26FC33180099D015 /* Assets.xcassets */ = {isa = PBXFileReference; lastKnownFileType = folder.assetcatalog; path = Assets.xcassets; sourceTree = "<group>"; };
		147443AD26FC33180099D015 /* Preview Assets.xcassets */ = {isa = PBXFileReference; lastKnownFileType = folder.assetcatalog; path = "Preview Assets.xcassets"; sourceTree = "<group>"; };
		147443B426FC3FBC0099D015 /* LaunchScreen.storyboard */ = {isa = PBXFileReference; lastKnownFileType = file.storyboard; path = LaunchScreen.storyboard; sourceTree = "<group>"; };
		147443BA26FC45BD0099D015 /* Extensions.swift */ = {isa = PBXFileReference; lastKnownFileType = sourcecode.swift; path = Extensions.swift; sourceTree = "<group>"; };
		147443BD26FC47020099D015 /* FeedView.swift */ = {isa = PBXFileReference; lastKnownFileType = sourcecode.swift; path = FeedView.swift; sourceTree = "<group>"; };
		147443BF26FC47D40099D015 /* PostView.swift */ = {isa = PBXFileReference; lastKnownFileType = sourcecode.swift; path = PostView.swift; sourceTree = "<group>"; };
		14DE6A5426FD9A9B0087C7D9 /* MessageView.swift */ = {isa = PBXFileReference; lastKnownFileType = sourcecode.swift; path = MessageView.swift; sourceTree = "<group>"; };
		14DE6A5626FD9F8D0087C7D9 /* CommentModel.swift */ = {isa = PBXFileReference; lastKnownFileType = sourcecode.swift; path = CommentModel.swift; sourceTree = "<group>"; };
		14DE6A5826FDB9CC0087C7D9 /* BrowseView.swift */ = {isa = PBXFileReference; lastKnownFileType = sourcecode.swift; path = BrowseView.swift; sourceTree = "<group>"; };
		14DE6A5A26FDBA4D0087C7D9 /* CarouselView.swift */ = {isa = PBXFileReference; lastKnownFileType = sourcecode.swift; path = CarouselView.swift; sourceTree = "<group>"; };
/* End PBXFileReference section */

/* Begin PBXFrameworksBuildPhase section */
		147443A026FC33180099D015 /* Frameworks */ = {
			isa = PBXFrameworksBuildPhase;
			buildActionMask = 2147483647;
			files = (
			);
			runOnlyForDeploymentPostprocessing = 0;
		};
/* End PBXFrameworksBuildPhase section */

/* Begin PBXGroup section */
		14535DF526FC69EB0068021F /* Models */ = {
			isa = PBXGroup;
			children = (
				14535DF626FC69FF0068021F /* PostModel.swift */,
				14535DF826FC6D220068021F /* PostArrayObject.swift */,
				14DE6A5626FD9F8D0087C7D9 /* CommentModel.swift */,
			);
			path = Models;
			sourceTree = "<group>";
		};
		1474439A26FC33180099D015 = {
			isa = PBXGroup;
			children = (
				147443A526FC33180099D015 /* DogGram */,
				147443A426FC33180099D015 /* Products */,
			);
			sourceTree = "<group>";
		};
		147443A426FC33180099D015 /* Products */ = {
			isa = PBXGroup;
			children = (
				147443A326FC33180099D015 /* DogGram.app */,
			);
			name = Products;
			sourceTree = "<group>";
		};
		147443A526FC33180099D015 /* DogGram */ = {
			isa = PBXGroup;
			children = (
				14535DF526FC69EB0068021F /* Models */,
				147443B926FC45B20099D015 /* Helpers */,
				147443B626FC41C50099D015 /* Views */,
				147443AA26FC33180099D015 /* Assets.xcassets */,
				147443AC26FC33180099D015 /* Preview Content */,
				147443B426FC3FBC0099D015 /* LaunchScreen.storyboard */,
			);
			path = DogGram;
			sourceTree = "<group>";
		};
		147443AC26FC33180099D015 /* Preview Content */ = {
			isa = PBXGroup;
			children = (
				147443AD26FC33180099D015 /* Preview Assets.xcassets */,
			);
			path = "Preview Content";
			sourceTree = "<group>";
		};
		147443B626FC41C50099D015 /* Views */ = {
			isa = PBXGroup;
			children = (
				147443B826FC41DA0099D015 /* Subviews */,
				147443B726FC41CA0099D015 /* Screens */,
			);
			path = Views;
			sourceTree = "<group>";
		};
		147443B726FC41CA0099D015 /* Screens */ = {
			isa = PBXGroup;
			children = (
				147443A626FC33180099D015 /* DogGramApp.swift */,
				147443A826FC33180099D015 /* ContentView.swift */,
				147443BD26FC47020099D015 /* FeedView.swift */,
				14535DFA26FC8F140068021F /* CommentsView.swift */,
				14DE6A5826FDB9CC0087C7D9 /* BrowseView.swift */,
				145429BE27004469005CD1B3 /* UploadView.swift */,
			);
			path = Screens;
			sourceTree = "<group>";
		};
		147443B826FC41DA0099D015 /* Subviews */ = {
			isa = PBXGroup;
			children = (
				147443BF26FC47D40099D015 /* PostView.swift */,
				14DE6A5426FD9A9B0087C7D9 /* MessageView.swift */,
				14DE6A5A26FDBA4D0087C7D9 /* CarouselView.swift */,
				142BF3AE26FE3AC900864FC4 /* ImageGridView.swift */,
			);
			path = Subviews;
			sourceTree = "<group>";
		};
		147443B926FC45B20099D015 /* Helpers */ = {
			isa = PBXGroup;
			children = (
				147443BA26FC45BD0099D015 /* Extensions.swift */,
			);
			path = Helpers;
			sourceTree = "<group>";
		};
/* End PBXGroup section */

/* Begin PBXNativeTarget section */
		147443A226FC33180099D015 /* DogGram */ = {
			isa = PBXNativeTarget;
			buildConfigurationList = 147443B126FC33180099D015 /* Build configuration list for PBXNativeTarget "DogGram" */;
			buildPhases = (
				1474439F26FC33180099D015 /* Sources */,
				147443A026FC33180099D015 /* Frameworks */,
				147443A126FC33180099D015 /* Resources */,
			);
			buildRules = (
			);
			dependencies = (
			);
			name = DogGram;
			productName = DogGram;
			productReference = 147443A326FC33180099D015 /* DogGram.app */;
			productType = "com.apple.product-type.application";
		};
/* End PBXNativeTarget section */

/* Begin PBXProject section */
		1474439B26FC33180099D015 /* Project object */ = {
			isa = PBXProject;
			attributes = {
				BuildIndependentTargetsInParallel = 1;
				LastSwiftUpdateCheck = 1300;
				LastUpgradeCheck = 1300;
				TargetAttributes = {
					147443A226FC33180099D015 = {
						CreatedOnToolsVersion = 13.0;
					};
				};
			};
			buildConfigurationList = 1474439E26FC33180099D015 /* Build configuration list for PBXProject "DogGram" */;
			compatibilityVersion = "Xcode 13.0";
			developmentRegion = en;
			hasScannedForEncodings = 0;
			knownRegions = (
				en,
				Base,
			);
			mainGroup = 1474439A26FC33180099D015;
			productRefGroup = 147443A426FC33180099D015 /* Products */;
			projectDirPath = "";
			projectRoot = "";
			targets = (
				147443A226FC33180099D015 /* DogGram */,
			);
		};
/* End PBXProject section */

/* Begin PBXResourcesBuildPhase section */
		147443A126FC33180099D015 /* Resources */ = {
			isa = PBXResourcesBuildPhase;
			buildActionMask = 2147483647;
			files = (
				147443B526FC3FBC0099D015 /* LaunchScreen.storyboard in Resources */,
				147443AE26FC33180099D015 /* Preview Assets.xcassets in Resources */,
				147443AB26FC33180099D015 /* Assets.xcassets in Resources */,
			);
			runOnlyForDeploymentPostprocessing = 0;
		};
/* End PBXResourcesBuildPhase section */

/* Begin PBXSourcesBuildPhase section */
		1474439F26FC33180099D015 /* Sources */ = {
			isa = PBXSourcesBuildPhase;
			buildActionMask = 2147483647;
			files = (
				147443BE26FC47020099D015 /* FeedView.swift in Sources */,
				14535DF726FC69FF0068021F /* PostModel.swift in Sources */,
				147443A926FC33180099D015 /* ContentView.swift in Sources */,
				14DE6A5526FD9A9B0087C7D9 /* MessageView.swift in Sources */,
				147443BB26FC45BD0099D015 /* Extensions.swift in Sources */,
				14535DF926FC6D220068021F /* PostArrayObject.swift in Sources */,
				142BF3AF26FE3AC900864FC4 /* ImageGridView.swift in Sources */,
				147443C026FC47D40099D015 /* PostView.swift in Sources */,
				14DE6A5926FDB9CC0087C7D9 /* BrowseView.swift in Sources */,
				14DE6A5726FD9F8D0087C7D9 /* CommentModel.swift in Sources */,
				14535DFB26FC8F140068021F /* CommentsView.swift in Sources */,
				145429BF27004469005CD1B3 /* UploadView.swift in Sources */,
				14DE6A5B26FDBA4D0087C7D9 /* CarouselView.swift in Sources */,
				147443A726FC33180099D015 /* DogGramApp.swift in Sources */,
			);
			runOnlyForDeploymentPostprocessing = 0;
		};
/* End PBXSourcesBuildPhase section */

/* Begin XCBuildConfiguration section */
		147443AF26FC33180099D015 /* Debug */ = {
			isa = XCBuildConfiguration;
			buildSettings = {
				ALWAYS_SEARCH_USER_PATHS = NO;
				CLANG_ANALYZER_NONNULL = YES;
				CLANG_ANALYZER_NUMBER_OBJECT_CONVERSION = YES_AGGRESSIVE;
				CLANG_CXX_LANGUAGE_STANDARD = "gnu++17";
				CLANG_CXX_LIBRARY = "libc++";
				CLANG_ENABLE_MODULES = YES;
				CLANG_ENABLE_OBJC_ARC = YES;
				CLANG_ENABLE_OBJC_WEAK = YES;
				CLANG_WARN_BLOCK_CAPTURE_AUTORELEASING = YES;
				CLANG_WARN_BOOL_CONVERSION = YES;
				CLANG_WARN_COMMA = YES;
				CLANG_WARN_CONSTANT_CONVERSION = YES;
				CLANG_WARN_DEPRECATED_OBJC_IMPLEMENTATIONS = YES;
				CLANG_WARN_DIRECT_OBJC_ISA_USAGE = YES_ERROR;
				CLANG_WARN_DOCUMENTATION_COMMENTS = YES;
				CLANG_WARN_EMPTY_BODY = YES;
				CLANG_WARN_ENUM_CONVERSION = YES;
				CLANG_WARN_INFINITE_RECURSION = YES;
				CLANG_WARN_INT_CONVERSION = YES;
				CLANG_WARN_NON_LITERAL_NULL_CONVERSION = YES;
				CLANG_WARN_OBJC_IMPLICIT_RETAIN_SELF = YES;
				CLANG_WARN_OBJC_LITERAL_CONVERSION = YES;
				CLANG_WARN_OBJC_ROOT_CLASS = YES_ERROR;
				CLANG_WARN_QUOTED_INCLUDE_IN_FRAMEWORK_HEADER = YES;
				CLANG_WARN_RANGE_LOOP_ANALYSIS = YES;
				CLANG_WARN_STRICT_PROTOTYPES = YES;
				CLANG_WARN_SUSPICIOUS_MOVE = YES;
				CLANG_WARN_UNGUARDED_AVAILABILITY = YES_AGGRESSIVE;
				CLANG_WARN_UNREACHABLE_CODE = YES;
				CLANG_WARN__DUPLICATE_METHOD_MATCH = YES;
				COPY_PHASE_STRIP = NO;
				DEBUG_INFORMATION_FORMAT = dwarf;
				ENABLE_STRICT_OBJC_MSGSEND = YES;
				ENABLE_TESTABILITY = YES;
				GCC_C_LANGUAGE_STANDARD = gnu11;
				GCC_DYNAMIC_NO_PIC = NO;
				GCC_NO_COMMON_BLOCKS = YES;
				GCC_OPTIMIZATION_LEVEL = 0;
				GCC_PREPROCESSOR_DEFINITIONS = (
					"DEBUG=1",
					"$(inherited)",
				);
				GCC_WARN_64_TO_32_BIT_CONVERSION = YES;
				GCC_WARN_ABOUT_RETURN_TYPE = YES_ERROR;
				GCC_WARN_UNDECLARED_SELECTOR = YES;
				GCC_WARN_UNINITIALIZED_AUTOS = YES_AGGRESSIVE;
				GCC_WARN_UNUSED_FUNCTION = YES;
				GCC_WARN_UNUSED_VARIABLE = YES;
				IPHONEOS_DEPLOYMENT_TARGET = 15.0;
				MTL_ENABLE_DEBUG_INFO = INCLUDE_SOURCE;
				MTL_FAST_MATH = YES;
				ONLY_ACTIVE_ARCH = YES;
				SDKROOT = iphoneos;
				SWIFT_ACTIVE_COMPILATION_CONDITIONS = DEBUG;
				SWIFT_OPTIMIZATION_LEVEL = "-Onone";
			};
			name = Debug;
		};
		147443B026FC33180099D015 /* Release */ = {
			isa = XCBuildConfiguration;
			buildSettings = {
				ALWAYS_SEARCH_USER_PATHS = NO;
				CLANG_ANALYZER_NONNULL = YES;
				CLANG_ANALYZER_NUMBER_OBJECT_CONVERSION = YES_AGGRESSIVE;
				CLANG_CXX_LANGUAGE_STANDARD = "gnu++17";
				CLANG_CXX_LIBRARY = "libc++";
				CLANG_ENABLE_MODULES = YES;
				CLANG_ENABLE_OBJC_ARC = YES;
				CLANG_ENABLE_OBJC_WEAK = YES;
				CLANG_WARN_BLOCK_CAPTURE_AUTORELEASING = YES;
				CLANG_WARN_BOOL_CONVERSION = YES;
				CLANG_WARN_COMMA = YES;
				CLANG_WARN_CONSTANT_CONVERSION = YES;
				CLANG_WARN_DEPRECATED_OBJC_IMPLEMENTATIONS = YES;
				CLANG_WARN_DIRECT_OBJC_ISA_USAGE = YES_ERROR;
				CLANG_WARN_DOCUMENTATION_COMMENTS = YES;
				CLANG_WARN_EMPTY_BODY = YES;
				CLANG_WARN_ENUM_CONVERSION = YES;
				CLANG_WARN_INFINITE_RECURSION = YES;
				CLANG_WARN_INT_CONVERSION = YES;
				CLANG_WARN_NON_LITERAL_NULL_CONVERSION = YES;
				CLANG_WARN_OBJC_IMPLICIT_RETAIN_SELF = YES;
				CLANG_WARN_OBJC_LITERAL_CONVERSION = YES;
				CLANG_WARN_OBJC_ROOT_CLASS = YES_ERROR;
				CLANG_WARN_QUOTED_INCLUDE_IN_FRAMEWORK_HEADER = YES;
				CLANG_WARN_RANGE_LOOP_ANALYSIS = YES;
				CLANG_WARN_STRICT_PROTOTYPES = YES;
				CLANG_WARN_SUSPICIOUS_MOVE = YES;
				CLANG_WARN_UNGUARDED_AVAILABILITY = YES_AGGRESSIVE;
				CLANG_WARN_UNREACHABLE_CODE = YES;
				CLANG_WARN__DUPLICATE_METHOD_MATCH = YES;
				COPY_PHASE_STRIP = NO;
				DEBUG_INFORMATION_FORMAT = "dwarf-with-dsym";
				ENABLE_NS_ASSERTIONS = NO;
				ENABLE_STRICT_OBJC_MSGSEND = YES;
				GCC_C_LANGUAGE_STANDARD = gnu11;
				GCC_NO_COMMON_BLOCKS = YES;
				GCC_WARN_64_TO_32_BIT_CONVERSION = YES;
				GCC_WARN_ABOUT_RETURN_TYPE = YES_ERROR;
				GCC_WARN_UNDECLARED_SELECTOR = YES;
				GCC_WARN_UNINITIALIZED_AUTOS = YES_AGGRESSIVE;
				GCC_WARN_UNUSED_FUNCTION = YES;
				GCC_WARN_UNUSED_VARIABLE = YES;
				IPHONEOS_DEPLOYMENT_TARGET = 15.0;
				MTL_ENABLE_DEBUG_INFO = NO;
				MTL_FAST_MATH = YES;
				SDKROOT = iphoneos;
				SWIFT_COMPILATION_MODE = wholemodule;
				SWIFT_OPTIMIZATION_LEVEL = "-O";
				VALIDATE_PRODUCT = YES;
			};
			name = Release;
		};
		147443B226FC33180099D015 /* Debug */ = {
			isa = XCBuildConfiguration;
			buildSettings = {
				ASSETCATALOG_COMPILER_APPICON_NAME = AppIcon;
				ASSETCATALOG_COMPILER_GLOBAL_ACCENT_COLOR_NAME = AccentColor;
				CODE_SIGN_STYLE = Automatic;
				CURRENT_PROJECT_VERSION = 1;
				DEVELOPMENT_ASSET_PATHS = "\"DogGram/Preview Content\"";
				DEVELOPMENT_TEAM = B2MRP3T383;
				ENABLE_PREVIEWS = YES;
				GENERATE_INFOPLIST_FILE = YES;
				INFOPLIST_KEY_UIApplicationSceneManifest_Generation = YES;
				INFOPLIST_KEY_UIApplicationSupportsIndirectInputEvents = YES;
				INFOPLIST_KEY_UILaunchScreen_Generation = YES;
				INFOPLIST_KEY_UILaunchStoryboardName = LaunchScreen;
				INFOPLIST_KEY_UISupportedInterfaceOrientations = UIInterfaceOrientationPortrait;
				INFOPLIST_KEY_UISupportedInterfaceOrientations_iPad = "UIInterfaceOrientationPortrait UIInterfaceOrientationPortraitUpsideDown UIInterfaceOrientationLandscapeLeft UIInterfaceOrientationLandscapeRight";
				INFOPLIST_KEY_UISupportedInterfaceOrientations_iPhone = "UIInterfaceOrientationPortrait UIInterfaceOrientationLandscapeLeft UIInterfaceOrientationLandscapeRight";
				IPHONEOS_DEPLOYMENT_TARGET = 15.0;
				LD_RUNPATH_SEARCH_PATHS = (
					"$(inherited)",
					"@executable_path/Frameworks",
				);
				MARKETING_VERSION = 1.0;
				PRODUCT_BUNDLE_IDENTIFIER = com.harshsolo.DogGram;
				PRODUCT_NAME = "$(TARGET_NAME)";
				SWIFT_EMIT_LOC_STRINGS = YES;
				SWIFT_VERSION = 5.0;
				TARGETED_DEVICE_FAMILY = 1;
			};
			name = Debug;
		};
		147443B326FC33180099D015 /* Release */ = {
			isa = XCBuildConfiguration;
			buildSettings = {
				ASSETCATALOG_COMPILER_APPICON_NAME = AppIcon;
				ASSETCATALOG_COMPILER_GLOBAL_ACCENT_COLOR_NAME = AccentColor;
				CODE_SIGN_STYLE = Automatic;
				CURRENT_PROJECT_VERSION = 1;
				DEVELOPMENT_ASSET_PATHS = "\"DogGram/Preview Content\"";
				DEVELOPMENT_TEAM = B2MRP3T383;
				ENABLE_PREVIEWS = YES;
				GENERATE_INFOPLIST_FILE = YES;
				INFOPLIST_KEY_UIApplicationSceneManifest_Generation = YES;
				INFOPLIST_KEY_UIApplicationSupportsIndirectInputEvents = YES;
				INFOPLIST_KEY_UILaunchScreen_Generation = YES;
				INFOPLIST_KEY_UILaunchStoryboardName = LaunchScreen;
				INFOPLIST_KEY_UISupportedInterfaceOrientations = UIInterfaceOrientationPortrait;
				INFOPLIST_KEY_UISupportedInterfaceOrientations_iPad = "UIInterfaceOrientationPortrait UIInterfaceOrientationPortraitUpsideDown UIInterfaceOrientationLandscapeLeft UIInterfaceOrientationLandscapeRight";
				INFOPLIST_KEY_UISupportedInterfaceOrientations_iPhone = "UIInterfaceOrientationPortrait UIInterfaceOrientationLandscapeLeft UIInterfaceOrientationLandscapeRight";
				IPHONEOS_DEPLOYMENT_TARGET = 15.0;
				LD_RUNPATH_SEARCH_PATHS = (
					"$(inherited)",
					"@executable_path/Frameworks",
				);
				MARKETING_VERSION = 1.0;
				PRODUCT_BUNDLE_IDENTIFIER = com.harshsolo.DogGram;
				PRODUCT_NAME = "$(TARGET_NAME)";
				SWIFT_EMIT_LOC_STRINGS = YES;
				SWIFT_VERSION = 5.0;
				TARGETED_DEVICE_FAMILY = 1;
			};
			name = Release;
		};
/* End XCBuildConfiguration section */

/* Begin XCConfigurationList section */
		1474439E26FC33180099D015 /* Build configuration list for PBXProject "DogGram" */ = {
			isa = XCConfigurationList;
			buildConfigurations = (
				147443AF26FC33180099D015 /* Debug */,
				147443B026FC33180099D015 /* Release */,
			);
			defaultConfigurationIsVisible = 0;
			defaultConfigurationName = Release;
		};
		147443B126FC33180099D015 /* Build configuration list for PBXNativeTarget "DogGram" */ = {
			isa = XCConfigurationList;
			buildConfigurations = (
				147443B226FC33180099D015 /* Debug */,
				147443B326FC33180099D015 /* Release */,
			);
			defaultConfigurationIsVisible = 0;
			defaultConfigurationName = Release;
		};
/* End XCConfigurationList section */
	};
	rootObject = 1474439B26FC33180099D015 /* Project object */;
}
